
Microsoft Visual Studio Solution File, Format Version 12.00
# Visual Studio 2013
VisualStudioVersion = 12.0.21005.1
MinimumVisualStudioVersion = 10.0.40219.1
Project("{FAE04EC0-301F-11D3-BF4B-00C04F79EFBC}") = "ClientProxy", "ClientProxy\ClientProxy.csproj", "{96956E7C-5799-491C-97F6-2DCB19CD2CBE}"
EndProject
Project("{FAE04EC0-301F-11D3-BF4B-00C04F79EFBC}") = "WinClient", "WinClient\WinClient.csproj", "{375D022F-F004-4259-A739-B423211563AE}"
EndProject
Project("{FAE04EC0-301F-11D3-BF4B-00C04F79EFBC}") = "TransferObjects", "TransferObjects\TransferObjects.csproj", "{1FE68446-2A05-48EA-95EF-BF766160F0A7}"
EndProject
Project("{FAE04EC0-301F-11D3-BF4B-00C04F79EFBC}") = "DataAccess", "DataAccess\DataAccess.csproj", "{FC8F8837-63C9-412A-92A5-C01B0A069D09}"
EndProject
Global
	GlobalSection(SolutionConfigurationPlatforms) = preSolution
		Debug|Any CPU = Debug|Any CPU
		Release|Any CPU = Release|Any CPU
	EndGlobalSection
	GlobalSection(ProjectConfigurationPlatforms) = postSolution
		{96956E7C-5799-491C-97F6-2DCB19CD2CBE}.Debug|Any CPU.ActiveCfg = Debug|Any CPU
		{96956E7C-5799-491C-97F6-2DCB19CD2CBE}.Debug|Any CPU.Build.0 = Debug|Any CPU
		{96956E7C-5799-491C-97F6-2DCB19CD2CBE}.Release|Any CPU.ActiveCfg = Release|Any CPU
		{96956E7C-5799-491C-97F6-2DCB19CD2CBE}.Release|Any CPU.Build.0 = Release|Any CPU
		{375D022F-F004-4259-A739-B423211563AE}.Debug|Any CPU.ActiveCfg = Debug|Any CPU
		{375D022F-F004-4259-A739-B423211563AE}.Debug|Any CPU.Build.0 = Debug|Any CPU
		{375D022F-F004-4259-A739-B423211563AE}.Release|Any CPU.ActiveCfg = Release|Any CPU
		{375D022F-F004-4259-A739-B423211563AE}.Release|Any CPU.Build.0 = Release|Any CPU
		{1FE68446-2A05-48EA-95EF-BF766160F0A7}.Debug|Any CPU.ActiveCfg = Debug|Any CPU
		{1FE68446-2A05-48EA-95EF-BF766160F0A7}.Debug|Any CPU.Build.0 = Debug|Any CPU
		{1FE68446-2A05-48EA-95EF-BF766160F0A7}.Release|Any CPU.ActiveCfg = Release|Any CPU
		{1FE68446-2A05-48EA-95EF-BF766160F0A7}.Release|Any CPU.Build.0 = Release|Any CPU
		{FC8F8837-63C9-412A-92A5-C01B0A069D09}.Debug|Any CPU.ActiveCfg = Debug|Any CPU
		{FC8F8837-63C9-412A-92A5-C01B0A069D09}.Debug|Any CPU.Build.0 = Debug|Any CPU
		{FC8F8837-63C9-412A-92A5-C01B0A069D09}.Release|Any CPU.ActiveCfg = Release|Any CPU
		{FC8F8837-63C9-412A-92A5-C01B0A069D09}.Release|Any CPU.Build.0 = Release|Any CPU
	EndGlobalSection
	GlobalSection(SolutionProperties) = preSolution
		HideSolutionNode = FALSE
	EndGlobalSection
EndGlobal
